// !$*UTF8*$!
{
	archiveVersion = 1;
	classes = {
	};
	objectVersion = 50;
	objects = {

/* Begin PBXBuildFile section */
		042FF043248FBA7C00D1B246 /* ExpandableTableViewController.swift in Sources */ = {isa = PBXBuildFile; fileRef = 042FF042248FBA7C00D1B246 /* ExpandableTableViewController.swift */; };
		042FF045248FBC0300D1B246 /* CollapsibleTableViewHeader.swift in Sources */ = {isa = PBXBuildFile; fileRef = 042FF044248FBC0300D1B246 /* CollapsibleTableViewHeader.swift */; };
		042FF047248FBC7800D1B246 /* CollapsibleHeaderViewModel.swift in Sources */ = {isa = PBXBuildFile; fileRef = 042FF046248FBC7800D1B246 /* CollapsibleHeaderViewModel.swift */; };
		042FF049248FBCE300D1B246 /* Binding.swift in Sources */ = {isa = PBXBuildFile; fileRef = 042FF048248FBCE300D1B246 /* Binding.swift */; };
		042FF04B248FBE0200D1B246 /* ExpandableTableViewModel.swift in Sources */ = {isa = PBXBuildFile; fileRef = 042FF04A248FBE0200D1B246 /* ExpandableTableViewModel.swift */; };
		042FF04D248FC69100D1B246 /* CollapsibleTableViewHeader.xib in Resources */ = {isa = PBXBuildFile; fileRef = 042FF04C248FC69100D1B246 /* CollapsibleTableViewHeader.xib */; };
		0443AA3B24FC1A9900FA6CEE /* InBornViewController.swift in Sources */ = {isa = PBXBuildFile; fileRef = 0443AA3A24FC1A9900FA6CEE /* InBornViewController.swift */; };
		0443AA3D24FC1ABC00FA6CEE /* InBornViewController.xib in Resources */ = {isa = PBXBuildFile; fileRef = 0443AA3C24FC1ABC00FA6CEE /* InBornViewController.xib */; };
		090A65C8266CF408004A1AFC /* PageController+Helpers.swift in Sources */ = {isa = PBXBuildFile; fileRef = 090A65C7266CF408004A1AFC /* PageController+Helpers.swift */; };
		0925A5B0244B8455004FD808 /* FloatingTextFieldTestVC.swift in Sources */ = {isa = PBXBuildFile; fileRef = 0925A5AF244B8455004FD808 /* FloatingTextFieldTestVC.swift */; };
		0925A5B2244B88BD004FD808 /* Extensions.swift in Sources */ = {isa = PBXBuildFile; fileRef = 0925A5B1244B88BD004FD808 /* Extensions.swift */; };
		0925A5B6244C0F5B004FD808 /* NumberPadView.swift in Sources */ = {isa = PBXBuildFile; fileRef = 0925A5B5244C0F5B004FD808 /* NumberPadView.swift */; };
		0925A5B8244C1018004FD808 /* GridStackView.swift in Sources */ = {isa = PBXBuildFile; fileRef = 0925A5B7244C1018004FD808 /* GridStackView.swift */; };
		0925A5BA244C24B7004FD808 /* AmountPadViewController.swift in Sources */ = {isa = PBXBuildFile; fileRef = 0925A5B9244C24B7004FD808 /* AmountPadViewController.swift */; };
		0925A5BC244C256A004FD808 /* AmountPadViewController.xib in Resources */ = {isa = PBXBuildFile; fileRef = 0925A5BB244C256A004FD808 /* AmountPadViewController.xib */; };
		0925A5BE244C2AF8004FD808 /* AmountPad.xcassets in Resources */ = {isa = PBXBuildFile; fileRef = 0925A5BD244C2AF8004FD808 /* AmountPad.xcassets */; };
		0926F30D25282FA7008FACFD /* BaseMVVMTableVC.swift in Sources */ = {isa = PBXBuildFile; fileRef = 0926F30C25282FA7008FACFD /* BaseMVVMTableVC.swift */; };
		0926F30F25283068008FACFD /* BaseMVVMTableViewModel.swift in Sources */ = {isa = PBXBuildFile; fileRef = 0926F30E25283068008FACFD /* BaseMVVMTableViewModel.swift */; };
		0926F311252830F8008FACFD /* BaseTableProtocol.swift in Sources */ = {isa = PBXBuildFile; fileRef = 0926F310252830F8008FACFD /* BaseTableProtocol.swift */; };
		0926F3132528356D008FACFD /* DemoTableCellView.swift in Sources */ = {isa = PBXBuildFile; fileRef = 0926F3122528356D008FACFD /* DemoTableCellView.swift */; };
		0926F3152528359C008FACFD /* DemoHeaderFooterView.swift in Sources */ = {isa = PBXBuildFile; fileRef = 0926F3142528359C008FACFD /* DemoHeaderFooterView.swift */; };
		0929066C2530CAC00008C80C /* BaseViewController.swift in Sources */ = {isa = PBXBuildFile; fileRef = 0929066B2530CAC00008C80C /* BaseViewController.swift */; };
		0929066F2530CB930008C80C /* ExtendedLabelVC.swift in Sources */ = {isa = PBXBuildFile; fileRef = 0929066E2530CB930008C80C /* ExtendedLabelVC.swift */; };
		092906712530CBB90008C80C /* ExtendedLabelVC.xib in Resources */ = {isa = PBXBuildFile; fileRef = 092906702530CBB90008C80C /* ExtendedLabelVC.xib */; };
		092906742530D8030008C80C /* InteractiveLinkLabel.swift in Sources */ = {isa = PBXBuildFile; fileRef = 092906732530D8030008C80C /* InteractiveLinkLabel.swift */; };
		09357AD4266B8A2100B8A9F7 /* PageController.swift in Sources */ = {isa = PBXBuildFile; fileRef = 09357AD3266B8A2100B8A9F7 /* PageController.swift */; };
		09357AD9266B8A6900B8A9F7 /* PageIndexCollectionViewController.swift in Sources */ = {isa = PBXBuildFile; fileRef = 09357AD8266B8A6900B8A9F7 /* PageIndexCollectionViewController.swift */; };
		09357ADC266B8AD100B8A9F7 /* PageContainerVC.swift in Sources */ = {isa = PBXBuildFile; fileRef = 09357ADB266B8AD100B8A9F7 /* PageContainerVC.swift */; };
		09357AE0266B8B5A00B8A9F7 /* IndexCollectionViewCell.xib in Resources */ = {isa = PBXBuildFile; fileRef = 09357ADF266B8B5A00B8A9F7 /* IndexCollectionViewCell.xib */; };
		09357AE4266B978B00B8A9F7 /* PageIndexCollectionViewController.xib in Resources */ = {isa = PBXBuildFile; fileRef = 09357AE3266B978B00B8A9F7 /* PageIndexCollectionViewController.xib */; };
		09357AEA266B987D00B8A9F7 /* IndexCollectionViewCell.swift in Sources */ = {isa = PBXBuildFile; fileRef = 09357AE9266B987D00B8A9F7 /* IndexCollectionViewCell.swift */; };
		09357AED266B9A0F00B8A9F7 /* PageContainerVC.xib in Resources */ = {isa = PBXBuildFile; fileRef = 09357AEC266B9A0F00B8A9F7 /* PageContainerVC.xib */; };
		09357AF5266BCCC000B8A9F7 /* PageController.xib in Resources */ = {isa = PBXBuildFile; fileRef = 09357AF4266BCCC000B8A9F7 /* PageController.xib */; };
		09357B0D266C683C00B8A9F7 /* AlertUsageViewController.swift in Sources */ = {isa = PBXBuildFile; fileRef = 09357B0C266C683C00B8A9F7 /* AlertUsageViewController.swift */; };
		09357BA7266C6AE000B8A9F7 /* AlertConfigurations.swift in Sources */ = {isa = PBXBuildFile; fileRef = 09357BA6266C6AE000B8A9F7 /* AlertConfigurations.swift */; };
		09357BAA266C6B7800B8A9F7 /* ExampleAlertView.swift in Sources */ = {isa = PBXBuildFile; fileRef = 09357BA9266C6B7800B8A9F7 /* ExampleAlertView.swift */; };
		09357BAD266C6BFA00B8A9F7 /* ExampleAlertView.xib in Resources */ = {isa = PBXBuildFile; fileRef = 09357BAC266C6BFA00B8A9F7 /* ExampleAlertView.xib */; };
		0960FE5B266B71B6001042E1 /* GalleryDetailViewController.swift in Sources */ = {isa = PBXBuildFile; fileRef = 0960FE5A266B71B6001042E1 /* GalleryDetailViewController.swift */; };
		0960FE5F266B71E5001042E1 /* GalleryDetailViewController.xib in Resources */ = {isa = PBXBuildFile; fileRef = 0960FE5E266B71E5001042E1 /* GalleryDetailViewController.xib */; };
		0960FEB2266B7693001042E1 /* GalleryImageCell.swift in Sources */ = {isa = PBXBuildFile; fileRef = 0960FEB1266B7693001042E1 /* GalleryImageCell.swift */; };
		0960FEB5266B76C7001042E1 /* GalleryImageCell.xib in Resources */ = {isa = PBXBuildFile; fileRef = 0960FEB4266B76C7001042E1 /* GalleryImageCell.xib */; };
		0960FEB8266B76EF001042E1 /* GalleryThumbImageCell.swift in Sources */ = {isa = PBXBuildFile; fileRef = 0960FEB7266B76EF001042E1 /* GalleryThumbImageCell.swift */; };
		0960FEBB266B7714001042E1 /* GalleryThumbImageCell.xib in Resources */ = {isa = PBXBuildFile; fileRef = 0960FEBA266B7714001042E1 /* GalleryThumbImageCell.xib */; };
		0960FEC3266B7BE8001042E1 /* Constants.swift in Sources */ = {isa = PBXBuildFile; fileRef = 0960FEC2266B7BE8001042E1 /* Constants.swift */; };
		09D74A772444E00D00280E54 /* AppDelegate.swift in Sources */ = {isa = PBXBuildFile; fileRef = 09D74A762444E00D00280E54 /* AppDelegate.swift */; };
		09D74A792444E00D00280E54 /* OptionsViewController.swift in Sources */ = {isa = PBXBuildFile; fileRef = 09D74A782444E00D00280E54 /* OptionsViewController.swift */; };
		09D74A7C2444E00D00280E54 /* Main.storyboard in Resources */ = {isa = PBXBuildFile; fileRef = 09D74A7A2444E00D00280E54 /* Main.storyboard */; };
		09D74A7E2444E00E00280E54 /* Assets.xcassets in Resources */ = {isa = PBXBuildFile; fileRef = 09D74A7D2444E00E00280E54 /* Assets.xcassets */; };
		09D74A812444E00E00280E54 /* LaunchScreen.storyboard in Resources */ = {isa = PBXBuildFile; fileRef = 09D74A7F2444E00E00280E54 /* LaunchScreen.storyboard */; };
		09D74A8B2444E31800280E54 /* WidgetCardViewController.swift in Sources */ = {isa = PBXBuildFile; fileRef = 09D74A8A2444E31800280E54 /* WidgetCardViewController.swift */; };
		09FF2321244B7D9B000A298D /* FloatingTextField.swift in Sources */ = {isa = PBXBuildFile; fileRef = 09FF2320244B7D9B000A298D /* FloatingTextField.swift */; };
		4313B3B329E2FE060046B337 /* BeforeAfterSliderExampleViewController.swift in Sources */ = {isa = PBXBuildFile; fileRef = 4313B3B229E2FE060046B337 /* BeforeAfterSliderExampleViewController.swift */; };
		4313B3B529E307770046B337 /* BeforeAfterImageView.swift in Sources */ = {isa = PBXBuildFile; fileRef = 4313B3B429E307770046B337 /* BeforeAfterImageView.swift */; };
		432D1CE2271F086B007EF088 /* StretchableTableViewController.swift in Sources */ = {isa = PBXBuildFile; fileRef = 432D1CE0271F086B007EF088 /* StretchableTableViewController.swift */; };
		432D1CE3271F086B007EF088 /* StretchableContainerView.swift in Sources */ = {isa = PBXBuildFile; fileRef = 432D1CE1271F086B007EF088 /* StretchableContainerView.swift */; };
		432D1CE7271F08AC007EF088 /* LazyTableViewModel.swift in Sources */ = {isa = PBXBuildFile; fileRef = 432D1CE5271F08AC007EF088 /* LazyTableViewModel.swift */; };
		432D1CE8271F08AC007EF088 /* LazyTableViewController.swift in Sources */ = {isa = PBXBuildFile; fileRef = 432D1CE6271F08AC007EF088 /* LazyTableViewController.swift */; };
		43930E3D2799243F0051FFD2 /* TopicsGridMenuViewController.swift in Sources */ = {isa = PBXBuildFile; fileRef = 43930E3C2799243F0051FFD2 /* TopicsGridMenuViewController.swift */; };
		43930E40279925460051FFD2 /* TopicsGridView.swift in Sources */ = {isa = PBXBuildFile; fileRef = 43930E3F279925460051FFD2 /* TopicsGridView.swift */; };
		43930E4227992C240051FFD2 /* TopicsGridCollectionViewCell.xib in Resources */ = {isa = PBXBuildFile; fileRef = 43930E4127992C240051FFD2 /* TopicsGridCollectionViewCell.xib */; };
		43930E4427992D3A0051FFD2 /* TopicGridSampleTableViewCell.xib in Resources */ = {isa = PBXBuildFile; fileRef = 43930E4327992D3A0051FFD2 /* TopicGridSampleTableViewCell.xib */; };
		43930E4627992D760051FFD2 /* TopicGridSampleTableViewCell.swift in Sources */ = {isa = PBXBuildFile; fileRef = 43930E4527992D760051FFD2 /* TopicGridSampleTableViewCell.swift */; };
		43930E4827993CC70051FFD2 /* TopicsGridMenuViewController.xib in Resources */ = {isa = PBXBuildFile; fileRef = 43930E4727993CC70051FFD2 /* TopicsGridMenuViewController.xib */; };
		43930E4A2799486A0051FFD2 /* TopicsGridCollectionViewCell.swift in Sources */ = {isa = PBXBuildFile; fileRef = 43930E492799486A0051FFD2 /* TopicsGridCollectionViewCell.swift */; };
		43930E4C279973790051FFD2 /* LeftAlignedFlowLayout.swift in Sources */ = {isa = PBXBuildFile; fileRef = 43930E4B279973790051FFD2 /* LeftAlignedFlowLayout.swift */; };
		43930E4E279973950051FFD2 /* AutoSizedCollectionView.swift in Sources */ = {isa = PBXBuildFile; fileRef = 43930E4D279973950051FFD2 /* AutoSizedCollectionView.swift */; };
		D5D13C2FD8FED1516473C0CE /* Pods_JDAWidgets.framework in Frameworks */ = {isa = PBXBuildFile; fileRef = D57EAC4EED89223750F57710 /* Pods_JDAWidgets.framework */; };
/* End PBXBuildFile section */

/* Begin PBXFileReference section */
		042FF042248FBA7C00D1B246 /* ExpandableTableViewController.swift */ = {isa = PBXFileReference; lastKnownFileType = sourcecode.swift; path = ExpandableTableViewController.swift; sourceTree = "<group>"; };
		042FF044248FBC0300D1B246 /* CollapsibleTableViewHeader.swift */ = {isa = PBXFileReference; lastKnownFileType = sourcecode.swift; path = CollapsibleTableViewHeader.swift; sourceTree = "<group>"; };
		042FF046248FBC7800D1B246 /* CollapsibleHeaderViewModel.swift */ = {isa = PBXFileReference; lastKnownFileType = sourcecode.swift; path = CollapsibleHeaderViewModel.swift; sourceTree = "<group>"; };
		042FF048248FBCE300D1B246 /* Binding.swift */ = {isa = PBXFileReference; lastKnownFileType = sourcecode.swift; path = Binding.swift; sourceTree = "<group>"; };
		042FF04A248FBE0200D1B246 /* ExpandableTableViewModel.swift */ = {isa = PBXFileReference; lastKnownFileType = sourcecode.swift; path = ExpandableTableViewModel.swift; sourceTree = "<group>"; };
		042FF04C248FC69100D1B246 /* CollapsibleTableViewHeader.xib */ = {isa = PBXFileReference; lastKnownFileType = file.xib; path = CollapsibleTableViewHeader.xib; sourceTree = "<group>"; };
		0443AA3A24FC1A9900FA6CEE /* InBornViewController.swift */ = {isa = PBXFileReference; lastKnownFileType = sourcecode.swift; path = InBornViewController.swift; sourceTree = "<group>"; };
		0443AA3C24FC1ABC00FA6CEE /* InBornViewController.xib */ = {isa = PBXFileReference; lastKnownFileType = file.xib; path = InBornViewController.xib; sourceTree = "<group>"; };
		090A65C7266CF408004A1AFC /* PageController+Helpers.swift */ = {isa = PBXFileReference; lastKnownFileType = sourcecode.swift; path = "PageController+Helpers.swift"; sourceTree = "<group>"; };
		0925A5AF244B8455004FD808 /* FloatingTextFieldTestVC.swift */ = {isa = PBXFileReference; lastKnownFileType = sourcecode.swift; path = FloatingTextFieldTestVC.swift; sourceTree = "<group>"; };
		0925A5B1244B88BD004FD808 /* Extensions.swift */ = {isa = PBXFileReference; lastKnownFileType = sourcecode.swift; path = Extensions.swift; sourceTree = "<group>"; };
		0925A5B5244C0F5B004FD808 /* NumberPadView.swift */ = {isa = PBXFileReference; lastKnownFileType = sourcecode.swift; path = NumberPadView.swift; sourceTree = "<group>"; };
		0925A5B7244C1018004FD808 /* GridStackView.swift */ = {isa = PBXFileReference; lastKnownFileType = sourcecode.swift; path = GridStackView.swift; sourceTree = "<group>"; };
		0925A5B9244C24B7004FD808 /* AmountPadViewController.swift */ = {isa = PBXFileReference; lastKnownFileType = sourcecode.swift; path = AmountPadViewController.swift; sourceTree = "<group>"; };
		0925A5BB244C256A004FD808 /* AmountPadViewController.xib */ = {isa = PBXFileReference; lastKnownFileType = file.xib; path = AmountPadViewController.xib; sourceTree = "<group>"; };
		0925A5BD244C2AF8004FD808 /* AmountPad.xcassets */ = {isa = PBXFileReference; lastKnownFileType = folder.assetcatalog; path = AmountPad.xcassets; sourceTree = "<group>"; };
		0926F30C25282FA7008FACFD /* BaseMVVMTableVC.swift */ = {isa = PBXFileReference; lastKnownFileType = sourcecode.swift; path = BaseMVVMTableVC.swift; sourceTree = "<group>"; };
		0926F30E25283068008FACFD /* BaseMVVMTableViewModel.swift */ = {isa = PBXFileReference; lastKnownFileType = sourcecode.swift; path = BaseMVVMTableViewModel.swift; sourceTree = "<group>"; };
		0926F310252830F8008FACFD /* BaseTableProtocol.swift */ = {isa = PBXFileReference; lastKnownFileType = sourcecode.swift; path = BaseTableProtocol.swift; sourceTree = "<group>"; };
		0926F3122528356D008FACFD /* DemoTableCellView.swift */ = {isa = PBXFileReference; lastKnownFileType = sourcecode.swift; path = DemoTableCellView.swift; sourceTree = "<group>"; };
		0926F3142528359C008FACFD /* DemoHeaderFooterView.swift */ = {isa = PBXFileReference; lastKnownFileType = sourcecode.swift; path = DemoHeaderFooterView.swift; sourceTree = "<group>"; };
		0929066B2530CAC00008C80C /* BaseViewController.swift */ = {isa = PBXFileReference; lastKnownFileType = sourcecode.swift; path = BaseViewController.swift; sourceTree = "<group>"; };
		0929066E2530CB930008C80C /* ExtendedLabelVC.swift */ = {isa = PBXFileReference; lastKnownFileType = sourcecode.swift; path = ExtendedLabelVC.swift; sourceTree = "<group>"; };
		092906702530CBB90008C80C /* ExtendedLabelVC.xib */ = {isa = PBXFileReference; lastKnownFileType = file.xib; path = ExtendedLabelVC.xib; sourceTree = "<group>"; };
		092906732530D8030008C80C /* InteractiveLinkLabel.swift */ = {isa = PBXFileReference; lastKnownFileType = sourcecode.swift; path = InteractiveLinkLabel.swift; sourceTree = "<group>"; };
		09357AD3266B8A2100B8A9F7 /* PageController.swift */ = {isa = PBXFileReference; lastKnownFileType = sourcecode.swift; path = PageController.swift; sourceTree = "<group>"; };
		09357AD8266B8A6900B8A9F7 /* PageIndexCollectionViewController.swift */ = {isa = PBXFileReference; lastKnownFileType = sourcecode.swift; path = PageIndexCollectionViewController.swift; sourceTree = "<group>"; };
		09357ADB266B8AD100B8A9F7 /* PageContainerVC.swift */ = {isa = PBXFileReference; lastKnownFileType = sourcecode.swift; path = PageContainerVC.swift; sourceTree = "<group>"; };
		09357ADF266B8B5A00B8A9F7 /* IndexCollectionViewCell.xib */ = {isa = PBXFileReference; lastKnownFileType = file.xib; path = IndexCollectionViewCell.xib; sourceTree = "<group>"; };
		09357AE3266B978B00B8A9F7 /* PageIndexCollectionViewController.xib */ = {isa = PBXFileReference; lastKnownFileType = file.xib; path = PageIndexCollectionViewController.xib; sourceTree = "<group>"; };
		09357AE9266B987D00B8A9F7 /* IndexCollectionViewCell.swift */ = {isa = PBXFileReference; lastKnownFileType = sourcecode.swift; path = IndexCollectionViewCell.swift; sourceTree = "<group>"; };
		09357AEC266B9A0F00B8A9F7 /* PageContainerVC.xib */ = {isa = PBXFileReference; lastKnownFileType = file.xib; path = PageContainerVC.xib; sourceTree = "<group>"; };
		09357AF4266BCCC000B8A9F7 /* PageController.xib */ = {isa = PBXFileReference; lastKnownFileType = file.xib; path = PageController.xib; sourceTree = "<group>"; };
		09357B0C266C683C00B8A9F7 /* AlertUsageViewController.swift */ = {isa = PBXFileReference; lastKnownFileType = sourcecode.swift; path = AlertUsageViewController.swift; sourceTree = "<group>"; };
		09357BA6266C6AE000B8A9F7 /* AlertConfigurations.swift */ = {isa = PBXFileReference; lastKnownFileType = sourcecode.swift; path = AlertConfigurations.swift; sourceTree = "<group>"; };
		09357BA9266C6B7800B8A9F7 /* ExampleAlertView.swift */ = {isa = PBXFileReference; lastKnownFileType = sourcecode.swift; path = ExampleAlertView.swift; sourceTree = "<group>"; };
		09357BAC266C6BFA00B8A9F7 /* ExampleAlertView.xib */ = {isa = PBXFileReference; lastKnownFileType = file.xib; path = ExampleAlertView.xib; sourceTree = "<group>"; };
		0960FE5A266B71B6001042E1 /* GalleryDetailViewController.swift */ = {isa = PBXFileReference; lastKnownFileType = sourcecode.swift; path = GalleryDetailViewController.swift; sourceTree = "<group>"; };
		0960FE5E266B71E5001042E1 /* GalleryDetailViewController.xib */ = {isa = PBXFileReference; lastKnownFileType = file.xib; path = GalleryDetailViewController.xib; sourceTree = "<group>"; };
		0960FEB1266B7693001042E1 /* GalleryImageCell.swift */ = {isa = PBXFileReference; lastKnownFileType = sourcecode.swift; path = GalleryImageCell.swift; sourceTree = "<group>"; };
		0960FEB4266B76C7001042E1 /* GalleryImageCell.xib */ = {isa = PBXFileReference; lastKnownFileType = file.xib; path = GalleryImageCell.xib; sourceTree = "<group>"; };
		0960FEB7266B76EF001042E1 /* GalleryThumbImageCell.swift */ = {isa = PBXFileReference; lastKnownFileType = sourcecode.swift; path = GalleryThumbImageCell.swift; sourceTree = "<group>"; };
		0960FEBA266B7714001042E1 /* GalleryThumbImageCell.xib */ = {isa = PBXFileReference; lastKnownFileType = file.xib; path = GalleryThumbImageCell.xib; sourceTree = "<group>"; };
		0960FEC2266B7BE8001042E1 /* Constants.swift */ = {isa = PBXFileReference; lastKnownFileType = sourcecode.swift; path = Constants.swift; sourceTree = "<group>"; };
		09D74A732444E00D00280E54 /* JDAWidgets.app */ = {isa = PBXFileReference; explicitFileType = wrapper.application; includeInIndex = 0; path = JDAWidgets.app; sourceTree = BUILT_PRODUCTS_DIR; };
		09D74A762444E00D00280E54 /* AppDelegate.swift */ = {isa = PBXFileReference; lastKnownFileType = sourcecode.swift; path = AppDelegate.swift; sourceTree = "<group>"; };
		09D74A782444E00D00280E54 /* OptionsViewController.swift */ = {isa = PBXFileReference; lastKnownFileType = sourcecode.swift; path = OptionsViewController.swift; sourceTree = "<group>"; };
		09D74A7B2444E00D00280E54 /* Base */ = {isa = PBXFileReference; lastKnownFileType = file.storyboard; name = Base; path = Base.lproj/Main.storyboard; sourceTree = "<group>"; };
		09D74A7D2444E00E00280E54 /* Assets.xcassets */ = {isa = PBXFileReference; lastKnownFileType = folder.assetcatalog; path = Assets.xcassets; sourceTree = "<group>"; };
		09D74A802444E00E00280E54 /* Base */ = {isa = PBXFileReference; lastKnownFileType = file.storyboard; name = Base; path = Base.lproj/LaunchScreen.storyboard; sourceTree = "<group>"; };
		09D74A822444E00E00280E54 /* Info.plist */ = {isa = PBXFileReference; lastKnownFileType = text.plist.xml; path = Info.plist; sourceTree = "<group>"; };
		09D74A8A2444E31800280E54 /* WidgetCardViewController.swift */ = {isa = PBXFileReference; lastKnownFileType = sourcecode.swift; path = WidgetCardViewController.swift; sourceTree = "<group>"; };
		09FF2320244B7D9B000A298D /* FloatingTextField.swift */ = {isa = PBXFileReference; lastKnownFileType = sourcecode.swift; path = FloatingTextField.swift; sourceTree = "<group>"; };
		4313B3B229E2FE060046B337 /* BeforeAfterSliderExampleViewController.swift */ = {isa = PBXFileReference; lastKnownFileType = sourcecode.swift; path = BeforeAfterSliderExampleViewController.swift; sourceTree = "<group>"; };
		4313B3B429E307770046B337 /* BeforeAfterImageView.swift */ = {isa = PBXFileReference; fileEncoding = 4; lastKnownFileType = sourcecode.swift; path = BeforeAfterImageView.swift; sourceTree = "<group>"; };
		432D1CE0271F086B007EF088 /* StretchableTableViewController.swift */ = {isa = PBXFileReference; fileEncoding = 4; lastKnownFileType = sourcecode.swift; path = StretchableTableViewController.swift; sourceTree = "<group>"; };
		432D1CE1271F086B007EF088 /* StretchableContainerView.swift */ = {isa = PBXFileReference; fileEncoding = 4; lastKnownFileType = sourcecode.swift; path = StretchableContainerView.swift; sourceTree = "<group>"; };
		432D1CE5271F08AC007EF088 /* LazyTableViewModel.swift */ = {isa = PBXFileReference; fileEncoding = 4; lastKnownFileType = sourcecode.swift; path = LazyTableViewModel.swift; sourceTree = "<group>"; };
		432D1CE6271F08AC007EF088 /* LazyTableViewController.swift */ = {isa = PBXFileReference; fileEncoding = 4; lastKnownFileType = sourcecode.swift; path = LazyTableViewController.swift; sourceTree = "<group>"; };
		43930E3C2799243F0051FFD2 /* TopicsGridMenuViewController.swift */ = {isa = PBXFileReference; lastKnownFileType = sourcecode.swift; path = TopicsGridMenuViewController.swift; sourceTree = "<group>"; };
		43930E3F279925460051FFD2 /* TopicsGridView.swift */ = {isa = PBXFileReference; lastKnownFileType = sourcecode.swift; path = TopicsGridView.swift; sourceTree = "<group>"; };
		43930E4127992C240051FFD2 /* TopicsGridCollectionViewCell.xib */ = {isa = PBXFileReference; lastKnownFileType = file.xib; path = TopicsGridCollectionViewCell.xib; sourceTree = "<group>"; };
		43930E4327992D3A0051FFD2 /* TopicGridSampleTableViewCell.xib */ = {isa = PBXFileReference; lastKnownFileType = file.xib; path = TopicGridSampleTableViewCell.xib; sourceTree = "<group>"; };
		43930E4527992D760051FFD2 /* TopicGridSampleTableViewCell.swift */ = {isa = PBXFileReference; lastKnownFileType = sourcecode.swift; path = TopicGridSampleTableViewCell.swift; sourceTree = "<group>"; };
		43930E4727993CC70051FFD2 /* TopicsGridMenuViewController.xib */ = {isa = PBXFileReference; lastKnownFileType = file.xib; path = TopicsGridMenuViewController.xib; sourceTree = "<group>"; };
		43930E492799486A0051FFD2 /* TopicsGridCollectionViewCell.swift */ = {isa = PBXFileReference; lastKnownFileType = sourcecode.swift; path = TopicsGridCollectionViewCell.swift; sourceTree = "<group>"; };
		43930E4B279973790051FFD2 /* LeftAlignedFlowLayout.swift */ = {isa = PBXFileReference; lastKnownFileType = sourcecode.swift; path = LeftAlignedFlowLayout.swift; sourceTree = "<group>"; };
		43930E4D279973950051FFD2 /* AutoSizedCollectionView.swift */ = {isa = PBXFileReference; lastKnownFileType = sourcecode.swift; path = AutoSizedCollectionView.swift; sourceTree = "<group>"; };
		8921A403449CE710668D8042 /* Pods-JDAWidgets.debug.xcconfig */ = {isa = PBXFileReference; includeInIndex = 1; lastKnownFileType = text.xcconfig; name = "Pods-JDAWidgets.debug.xcconfig"; path = "Target Support Files/Pods-JDAWidgets/Pods-JDAWidgets.debug.xcconfig"; sourceTree = "<group>"; };
		9E8A5A2DF7D1B98A60A48A42 /* Pods-JDAWidgets.release.xcconfig */ = {isa = PBXFileReference; includeInIndex = 1; lastKnownFileType = text.xcconfig; name = "Pods-JDAWidgets.release.xcconfig"; path = "Target Support Files/Pods-JDAWidgets/Pods-JDAWidgets.release.xcconfig"; sourceTree = "<group>"; };
		D57EAC4EED89223750F57710 /* Pods_JDAWidgets.framework */ = {isa = PBXFileReference; explicitFileType = wrapper.framework; includeInIndex = 0; path = Pods_JDAWidgets.framework; sourceTree = BUILT_PRODUCTS_DIR; };
/* End PBXFileReference section */

/* Begin PBXFrameworksBuildPhase section */
		09D74A702444E00D00280E54 /* Frameworks */ = {
			isa = PBXFrameworksBuildPhase;
			buildActionMask = 2147483647;
			files = (
				D5D13C2FD8FED1516473C0CE /* Pods_JDAWidgets.framework in Frameworks */,
			);
			runOnlyForDeploymentPostprocessing = 0;
		};
/* End PBXFrameworksBuildPhase section */

/* Begin PBXGroup section */
		042FF041248FBA4C00D1B246 /* 6 Expandable Tableview */ = {
			isa = PBXGroup;
			children = (
				042FF042248FBA7C00D1B246 /* ExpandableTableViewController.swift */,
				042FF04A248FBE0200D1B246 /* ExpandableTableViewModel.swift */,
				042FF044248FBC0300D1B246 /* CollapsibleTableViewHeader.swift */,
				042FF046248FBC7800D1B246 /* CollapsibleHeaderViewModel.swift */,
				042FF04C248FC69100D1B246 /* CollapsibleTableViewHeader.xib */,
			);
			path = "6 Expandable Tableview";
			sourceTree = "<group>";
		};
		04870E8F24667C2100FCFFF0 /* 4 Top Header Pages */ = {
			isa = PBXGroup;
			children = (
				09357AD2266B89FE00B8A9F7 /* Lazy Pages */,
				09357ADB266B8AD100B8A9F7 /* PageContainerVC.swift */,
				09357AEC266B9A0F00B8A9F7 /* PageContainerVC.xib */,
				09357AE9266B987D00B8A9F7 /* IndexCollectionViewCell.swift */,
				09357ADF266B8B5A00B8A9F7 /* IndexCollectionViewCell.xib */,
			);
			path = "4 Top Header Pages";
			sourceTree = "<group>";
		};
		04E6818624FD292F008CC1ED /* 7 Scrollable StackView */ = {
			isa = PBXGroup;
			children = (
				0443AA3A24FC1A9900FA6CEE /* InBornViewController.swift */,
				0443AA3C24FC1ABC00FA6CEE /* InBornViewController.xib */,
			);
			path = "7 Scrollable StackView";
			sourceTree = "<group>";
		};
		0925A5B3244B8F52004FD808 /* 1 Card View */ = {
			isa = PBXGroup;
			children = (
				09D74A8A2444E31800280E54 /* WidgetCardViewController.swift */,
			);
			path = "1 Card View";
			sourceTree = "<group>";
		};
		0925A5B4244C0F42004FD808 /* 3 Number Pad */ = {
			isa = PBXGroup;
			children = (
				0925A5B5244C0F5B004FD808 /* NumberPadView.swift */,
				0925A5B7244C1018004FD808 /* GridStackView.swift */,
				0925A5B9244C24B7004FD808 /* AmountPadViewController.swift */,
				0925A5BB244C256A004FD808 /* AmountPadViewController.xib */,
				0925A5BD244C2AF8004FD808 /* AmountPad.xcassets */,
			);
			path = "3 Number Pad";
			sourceTree = "<group>";
		};
		0926F30B25282F48008FACFD /* 8 MVVM tableview */ = {
			isa = PBXGroup;
			children = (
				0926F310252830F8008FACFD /* BaseTableProtocol.swift */,
				0926F30C25282FA7008FACFD /* BaseMVVMTableVC.swift */,
				0926F30E25283068008FACFD /* BaseMVVMTableViewModel.swift */,
				0926F3122528356D008FACFD /* DemoTableCellView.swift */,
				0926F3142528359C008FACFD /* DemoHeaderFooterView.swift */,
			);
			path = "8 MVVM tableview";
			sourceTree = "<group>";
		};
		0929066D2530CB720008C80C /* 9 Extended Labels */ = {
			isa = PBXGroup;
			children = (
				092906722530CD110008C80C /* Clickable Label */,
				0929066E2530CB930008C80C /* ExtendedLabelVC.swift */,
				092906702530CBB90008C80C /* ExtendedLabelVC.xib */,
			);
			path = "9 Extended Labels";
			sourceTree = "<group>";
		};
		092906722530CD110008C80C /* Clickable Label */ = {
			isa = PBXGroup;
			children = (
				092906732530D8030008C80C /* InteractiveLinkLabel.swift */,
			);
			path = "Clickable Label";
			sourceTree = "<group>";
		};
		09357AD2266B89FE00B8A9F7 /* Lazy Pages */ = {
			isa = PBXGroup;
			children = (
				09357AD3266B8A2100B8A9F7 /* PageController.swift */,
				09357AF4266BCCC000B8A9F7 /* PageController.xib */,
				09357AD8266B8A6900B8A9F7 /* PageIndexCollectionViewController.swift */,
				09357AE3266B978B00B8A9F7 /* PageIndexCollectionViewController.xib */,
				090A65C7266CF408004A1AFC /* PageController+Helpers.swift */,
			);
			path = "Lazy Pages";
			sourceTree = "<group>";
		};
		09357B0B266C67F800B8A9F7 /* 11 Alert view */ = {
			isa = PBXGroup;
			children = (
				09357B0C266C683C00B8A9F7 /* AlertUsageViewController.swift */,
				09357BA6266C6AE000B8A9F7 /* AlertConfigurations.swift */,
				09357BA9266C6B7800B8A9F7 /* ExampleAlertView.swift */,
				09357BAC266C6BFA00B8A9F7 /* ExampleAlertView.xib */,
			);
			path = "11 Alert view";
			sourceTree = "<group>";
		};
		0960FE57266B70E2001042E1 /* 10 Gallery Detail Zoom */ = {
			isa = PBXGroup;
			children = (
				0960FE5A266B71B6001042E1 /* GalleryDetailViewController.swift */,
				0960FE5E266B71E5001042E1 /* GalleryDetailViewController.xib */,
				0960FEB1266B7693001042E1 /* GalleryImageCell.swift */,
				0960FEB4266B76C7001042E1 /* GalleryImageCell.xib */,
				0960FEB7266B76EF001042E1 /* GalleryThumbImageCell.swift */,
				0960FEBA266B7714001042E1 /* GalleryThumbImageCell.xib */,
			);
			path = "10 Gallery Detail Zoom";
			sourceTree = "<group>";
		};
		0960FEC1266B7BDC001042E1 /* Helpers */ = {
			isa = PBXGroup;
			children = (
				0925A5B1244B88BD004FD808 /* Extensions.swift */,
				042FF048248FBCE300D1B246 /* Binding.swift */,
				0960FEC2266B7BE8001042E1 /* Constants.swift */,
			);
			path = Helpers;
			sourceTree = "<group>";
		};
		09D74A6A2444E00D00280E54 = {
			isa = PBXGroup;
			children = (
				09D74A752444E00D00280E54 /* JDAWidgets */,
				09D74A742444E00D00280E54 /* Products */,
				650EE429D7315E58570B43EE /* Pods */,
				0A2873CB56EBA74A1B3AA500 /* Frameworks */,
			);
			sourceTree = "<group>";
		};
		09D74A742444E00D00280E54 /* Products */ = {
			isa = PBXGroup;
			children = (
				09D74A732444E00D00280E54 /* JDAWidgets.app */,
			);
			name = Products;
			sourceTree = "<group>";
		};
		09D74A752444E00D00280E54 /* JDAWidgets */ = {
			isa = PBXGroup;
			children = (
				0960FEC1266B7BDC001042E1 /* Helpers */,
				09D74A882444E1E400280E54 /* Widgets */,
				09D74A892444E1F400280E54 /* Supporting Files */,
				0929066B2530CAC00008C80C /* BaseViewController.swift */,
				09D74A782444E00D00280E54 /* OptionsViewController.swift */,
				09D74A822444E00E00280E54 /* Info.plist */,
			);
			path = JDAWidgets;
			sourceTree = "<group>";
		};
		09D74A882444E1E400280E54 /* Widgets */ = {
			isa = PBXGroup;
			children = (
				0925A5B3244B8F52004FD808 /* 1 Card View */,
				09FF231F244B7D79000A298D /* 2 Floating Textfield */,
				0925A5B4244C0F42004FD808 /* 3 Number Pad */,
				04870E8F24667C2100FCFFF0 /* 4 Top Header Pages */,
				432D1CE4271F08AC007EF088 /* 5 Pagination TableView */,
				042FF041248FBA4C00D1B246 /* 6 Expandable Tableview */,
				04E6818624FD292F008CC1ED /* 7 Scrollable StackView */,
				0926F30B25282F48008FACFD /* 8 MVVM tableview */,
				0929066D2530CB720008C80C /* 9 Extended Labels */,
				0960FE57266B70E2001042E1 /* 10 Gallery Detail Zoom */,
				09357B0B266C67F800B8A9F7 /* 11 Alert view */,
				432D1CDF271F086B007EF088 /* 12 Stretchable table header  */,
				43930E3E279925250051FFD2 /* 13 Topics Grid */,
				4313B3B129E2FDC80046B337 /* 14 BeforeAfter Slider */,
			);
			path = Widgets;
			sourceTree = "<group>";
		};
		09D74A892444E1F400280E54 /* Supporting Files */ = {
			isa = PBXGroup;
			children = (
				09D74A762444E00D00280E54 /* AppDelegate.swift */,
				09D74A7A2444E00D00280E54 /* Main.storyboard */,
				09D74A7D2444E00E00280E54 /* Assets.xcassets */,
				09D74A7F2444E00E00280E54 /* LaunchScreen.storyboard */,
			);
			path = "Supporting Files";
			sourceTree = "<group>";
		};
		09FF231F244B7D79000A298D /* 2 Floating Textfield */ = {
			isa = PBXGroup;
			children = (
				09FF2320244B7D9B000A298D /* FloatingTextField.swift */,
				0925A5AF244B8455004FD808 /* FloatingTextFieldTestVC.swift */,
			);
			path = "2 Floating Textfield";
			sourceTree = "<group>";
		};
		0A2873CB56EBA74A1B3AA500 /* Frameworks */ = {
			isa = PBXGroup;
			children = (
				D57EAC4EED89223750F57710 /* Pods_JDAWidgets.framework */,
			);
			name = Frameworks;
			sourceTree = "<group>";
		};
		4313B3B129E2FDC80046B337 /* 14 BeforeAfter Slider */ = {
			isa = PBXGroup;
			children = (
				4313B3B429E307770046B337 /* BeforeAfterImageView.swift */,
				4313B3B229E2FE060046B337 /* BeforeAfterSliderExampleViewController.swift */,
			);
			path = "14 BeforeAfter Slider";
			sourceTree = "<group>";
		};
		432D1CDF271F086B007EF088 /* 12 Stretchable table header  */ = {
			isa = PBXGroup;
			children = (
				432D1CE0271F086B007EF088 /* StretchableTableViewController.swift */,
				432D1CE1271F086B007EF088 /* StretchableContainerView.swift */,
			);
			path = "12 Stretchable table header ";
			sourceTree = "<group>";
		};
		432D1CE4271F08AC007EF088 /* 5 Pagination TableView */ = {
			isa = PBXGroup;
			children = (
				432D1CE5271F08AC007EF088 /* LazyTableViewModel.swift */,
				432D1CE6271F08AC007EF088 /* LazyTableViewController.swift */,
			);
			path = "5 Pagination TableView";
			sourceTree = "<group>";
		};
		43930E3E279925250051FFD2 /* 13 Topics Grid */ = {
			isa = PBXGroup;
			children = (
				43930E3C2799243F0051FFD2 /* TopicsGridMenuViewController.swift */,
				43930E4527992D760051FFD2 /* TopicGridSampleTableViewCell.swift */,
				43930E3F279925460051FFD2 /* TopicsGridView.swift */,
				43930E4B279973790051FFD2 /* LeftAlignedFlowLayout.swift */,
				43930E4D279973950051FFD2 /* AutoSizedCollectionView.swift */,
				43930E492799486A0051FFD2 /* TopicsGridCollectionViewCell.swift */,
				43930E4727993CC70051FFD2 /* TopicsGridMenuViewController.xib */,
				43930E4127992C240051FFD2 /* TopicsGridCollectionViewCell.xib */,
				43930E4327992D3A0051FFD2 /* TopicGridSampleTableViewCell.xib */,
			);
			path = "13 Topics Grid";
			sourceTree = "<group>";
		};
		650EE429D7315E58570B43EE /* Pods */ = {
			isa = PBXGroup;
			children = (
				8921A403449CE710668D8042 /* Pods-JDAWidgets.debug.xcconfig */,
				9E8A5A2DF7D1B98A60A48A42 /* Pods-JDAWidgets.release.xcconfig */,
			);
			path = Pods;
			sourceTree = "<group>";
		};
/* End PBXGroup section */

/* Begin PBXNativeTarget section */
		09D74A722444E00D00280E54 /* JDAWidgets */ = {
			isa = PBXNativeTarget;
			buildConfigurationList = 09D74A852444E00E00280E54 /* Build configuration list for PBXNativeTarget "JDAWidgets" */;
			buildPhases = (
				67399A4BC05B59A24445CEFD /* [CP] Check Pods Manifest.lock */,
				09D74A6F2444E00D00280E54 /* Sources */,
				09D74A702444E00D00280E54 /* Frameworks */,
				09D74A712444E00D00280E54 /* Resources */,
				09357AF8266BF11800B8A9F7 /* SwiftLint Script */,
			);
			buildRules = (
			);
			dependencies = (
			);
			name = JDAWidgets;
			productName = JDAWidgets;
			productReference = 09D74A732444E00D00280E54 /* JDAWidgets.app */;
			productType = "com.apple.product-type.application";
		};
/* End PBXNativeTarget section */

/* Begin PBXProject section */
		09D74A6B2444E00D00280E54 /* Project object */ = {
			isa = PBXProject;
			attributes = {
				LastSwiftUpdateCheck = 1030;
				LastUpgradeCheck = 1230;
				ORGANIZATIONNAME = jda;
				TargetAttributes = {
					09D74A722444E00D00280E54 = {
						CreatedOnToolsVersion = 10.3;
					};
				};
			};
			buildConfigurationList = 09D74A6E2444E00D00280E54 /* Build configuration list for PBXProject "JDAWidgets" */;
			compatibilityVersion = "Xcode 9.3";
			developmentRegion = en;
			hasScannedForEncodings = 0;
			knownRegions = (
				en,
				Base,
			);
			mainGroup = 09D74A6A2444E00D00280E54;
			productRefGroup = 09D74A742444E00D00280E54 /* Products */;
			projectDirPath = "";
			projectRoot = "";
			targets = (
				09D74A722444E00D00280E54 /* JDAWidgets */,
			);
		};
/* End PBXProject section */

/* Begin PBXResourcesBuildPhase section */
		09D74A712444E00D00280E54 /* Resources */ = {
			isa = PBXResourcesBuildPhase;
			buildActionMask = 2147483647;
			files = (
				43930E4227992C240051FFD2 /* TopicsGridCollectionViewCell.xib in Resources */,
				09357AF5266BCCC000B8A9F7 /* PageController.xib in Resources */,
				43930E4427992D3A0051FFD2 /* TopicGridSampleTableViewCell.xib in Resources */,
				09357AED266B9A0F00B8A9F7 /* PageContainerVC.xib in Resources */,
				43930E4827993CC70051FFD2 /* TopicsGridMenuViewController.xib in Resources */,
				09D74A812444E00E00280E54 /* LaunchScreen.storyboard in Resources */,
				042FF04D248FC69100D1B246 /* CollapsibleTableViewHeader.xib in Resources */,
				09357BAD266C6BFA00B8A9F7 /* ExampleAlertView.xib in Resources */,
				09D74A7E2444E00E00280E54 /* Assets.xcassets in Resources */,
				0443AA3D24FC1ABC00FA6CEE /* InBornViewController.xib in Resources */,
				0925A5BC244C256A004FD808 /* AmountPadViewController.xib in Resources */,
				0960FE5F266B71E5001042E1 /* GalleryDetailViewController.xib in Resources */,
				09357AE0266B8B5A00B8A9F7 /* IndexCollectionViewCell.xib in Resources */,
				0960FEB5266B76C7001042E1 /* GalleryImageCell.xib in Resources */,
				0960FEBB266B7714001042E1 /* GalleryThumbImageCell.xib in Resources */,
				0925A5BE244C2AF8004FD808 /* AmountPad.xcassets in Resources */,
				092906712530CBB90008C80C /* ExtendedLabelVC.xib in Resources */,
				09357AE4266B978B00B8A9F7 /* PageIndexCollectionViewController.xib in Resources */,
				09D74A7C2444E00D00280E54 /* Main.storyboard in Resources */,
			);
			runOnlyForDeploymentPostprocessing = 0;
		};
/* End PBXResourcesBuildPhase section */

/* Begin PBXShellScriptBuildPhase section */
		09357AF8266BF11800B8A9F7 /* SwiftLint Script */ = {
			isa = PBXShellScriptBuildPhase;
			buildActionMask = 12;
			files = (
			);
			inputFileListPaths = (
			);
			inputPaths = (
			);
			name = "SwiftLint Script";
			outputFileListPaths = (
			);
			outputPaths = (
			);
			runOnlyForDeploymentPostprocessing = 0;
			shellPath = /bin/sh;
			shellScript = "if [ \"${CONFIGURATION}\" = \"Debug\" ]; then\nif which swiftlint >/dev/null; then\nswiftlint --config \"$SRCROOT/.swiftlint.yml\"\nelse\necho \"warning: SwiftLint not installed, download from https://github.com/realm/SwiftLint\"\nfi\nfi\n";
		};
		67399A4BC05B59A24445CEFD /* [CP] Check Pods Manifest.lock */ = {
			isa = PBXShellScriptBuildPhase;
			buildActionMask = 2147483647;
			files = (
			);
			inputFileListPaths = (
			);
			inputPaths = (
				"${PODS_PODFILE_DIR_PATH}/Podfile.lock",
				"${PODS_ROOT}/Manifest.lock",
			);
			name = "[CP] Check Pods Manifest.lock";
			outputFileListPaths = (
			);
			outputPaths = (
				"$(DERIVED_FILE_DIR)/Pods-JDAWidgets-checkManifestLockResult.txt",
			);
			runOnlyForDeploymentPostprocessing = 0;
			shellPath = /bin/sh;
			shellScript = "diff \"${PODS_PODFILE_DIR_PATH}/Podfile.lock\" \"${PODS_ROOT}/Manifest.lock\" > /dev/null\nif [ $? != 0 ] ; then\n    # print error to STDERR\n    echo \"error: The sandbox is not in sync with the Podfile.lock. Run 'pod install' or update your CocoaPods installation.\" >&2\n    exit 1\nfi\n# This output is used by Xcode 'outputs' to avoid re-running this script phase.\necho \"SUCCESS\" > \"${SCRIPT_OUTPUT_FILE_0}\"\n";
			showEnvVarsInLog = 0;
		};
/* End PBXShellScriptBuildPhase section */

/* Begin PBXSourcesBuildPhase section */
		09D74A6F2444E00D00280E54 /* Sources */ = {
			isa = PBXSourcesBuildPhase;
			buildActionMask = 2147483647;
			files = (
				042FF047248FBC7800D1B246 /* CollapsibleHeaderViewModel.swift in Sources */,
				43930E4627992D760051FFD2 /* TopicGridSampleTableViewCell.swift in Sources */,
				0929066F2530CB930008C80C /* ExtendedLabelVC.swift in Sources */,
				09357BA7266C6AE000B8A9F7 /* AlertConfigurations.swift in Sources */,
				0926F3132528356D008FACFD /* DemoTableCellView.swift in Sources */,
				09D74A792444E00D00280E54 /* OptionsViewController.swift in Sources */,
				43930E3D2799243F0051FFD2 /* TopicsGridMenuViewController.swift in Sources */,
				432D1CE7271F08AC007EF088 /* LazyTableViewModel.swift in Sources */,
				0925A5B0244B8455004FD808 /* FloatingTextFieldTestVC.swift in Sources */,
				042FF04B248FBE0200D1B246 /* ExpandableTableViewModel.swift in Sources */,
				0925A5B6244C0F5B004FD808 /* NumberPadView.swift in Sources */,
				0925A5BA244C24B7004FD808 /* AmountPadViewController.swift in Sources */,
				09D74A8B2444E31800280E54 /* WidgetCardViewController.swift in Sources */,
				0929066C2530CAC00008C80C /* BaseViewController.swift in Sources */,
				042FF049248FBCE300D1B246 /* Binding.swift in Sources */,
				09357B0D266C683C00B8A9F7 /* AlertUsageViewController.swift in Sources */,
				4313B3B329E2FE060046B337 /* BeforeAfterSliderExampleViewController.swift in Sources */,
				432D1CE3271F086B007EF088 /* StretchableContainerView.swift in Sources */,
				0960FEB8266B76EF001042E1 /* GalleryThumbImageCell.swift in Sources */,
				09357AEA266B987D00B8A9F7 /* IndexCollectionViewCell.swift in Sources */,
				0960FEC3266B7BE8001042E1 /* Constants.swift in Sources */,
				4313B3B529E307770046B337 /* BeforeAfterImageView.swift in Sources */,
				0926F311252830F8008FACFD /* BaseTableProtocol.swift in Sources */,
				432D1CE2271F086B007EF088 /* StretchableTableViewController.swift in Sources */,
				092906742530D8030008C80C /* InteractiveLinkLabel.swift in Sources */,
				432D1CE8271F08AC007EF088 /* LazyTableViewController.swift in Sources */,
				042FF045248FBC0300D1B246 /* CollapsibleTableViewHeader.swift in Sources */,
				09357AD4266B8A2100B8A9F7 /* PageController.swift in Sources */,
				09D74A772444E00D00280E54 /* AppDelegate.swift in Sources */,
				0926F30D25282FA7008FACFD /* BaseMVVMTableVC.swift in Sources */,
				09FF2321244B7D9B000A298D /* FloatingTextField.swift in Sources */,
				090A65C8266CF408004A1AFC /* PageController+Helpers.swift in Sources */,
				042FF043248FBA7C00D1B246 /* ExpandableTableViewController.swift in Sources */,
				43930E4C279973790051FFD2 /* LeftAlignedFlowLayout.swift in Sources */,
				09357AD9266B8A6900B8A9F7 /* PageIndexCollectionViewController.swift in Sources */,
				43930E4E279973950051FFD2 /* AutoSizedCollectionView.swift in Sources */,
				43930E4A2799486A0051FFD2 /* TopicsGridCollectionViewCell.swift in Sources */,
				0925A5B8244C1018004FD808 /* GridStackView.swift in Sources */,
				09357BAA266C6B7800B8A9F7 /* ExampleAlertView.swift in Sources */,
				0960FEB2266B7693001042E1 /* GalleryImageCell.swift in Sources */,
				09357ADC266B8AD100B8A9F7 /* PageContainerVC.swift in Sources */,
				0926F3152528359C008FACFD /* DemoHeaderFooterView.swift in Sources */,
				0960FE5B266B71B6001042E1 /* GalleryDetailViewController.swift in Sources */,
				43930E40279925460051FFD2 /* TopicsGridView.swift in Sources */,
				0926F30F25283068008FACFD /* BaseMVVMTableViewModel.swift in Sources */,
				0443AA3B24FC1A9900FA6CEE /* InBornViewController.swift in Sources */,
				0925A5B2244B88BD004FD808 /* Extensions.swift in Sources */,
			);
			runOnlyForDeploymentPostprocessing = 0;
		};
/* End PBXSourcesBuildPhase section */

/* Begin PBXVariantGroup section */
		09D74A7A2444E00D00280E54 /* Main.storyboard */ = {
			isa = PBXVariantGroup;
			children = (
				09D74A7B2444E00D00280E54 /* Base */,
			);
			name = Main.storyboard;
			sourceTree = "<group>";
		};
		09D74A7F2444E00E00280E54 /* LaunchScreen.storyboard */ = {
			isa = PBXVariantGroup;
			children = (
				09D74A802444E00E00280E54 /* Base */,
			);
			name = LaunchScreen.storyboard;
			sourceTree = "<group>";
		};
/* End PBXVariantGroup section */

/* Begin XCBuildConfiguration section */
		09D74A832444E00E00280E54 /* Debug */ = {
			isa = XCBuildConfiguration;
			buildSettings = {
				ALWAYS_SEARCH_USER_PATHS = NO;
				CLANG_ANALYZER_NONNULL = YES;
				CLANG_ANALYZER_NUMBER_OBJECT_CONVERSION = YES_AGGRESSIVE;
				CLANG_CXX_LANGUAGE_STANDARD = "gnu++14";
				CLANG_CXX_LIBRARY = "libc++";
				CLANG_ENABLE_MODULES = YES;
				CLANG_ENABLE_OBJC_ARC = YES;
				CLANG_ENABLE_OBJC_WEAK = YES;
				CLANG_WARN_BLOCK_CAPTURE_AUTORELEASING = YES;
				CLANG_WARN_BOOL_CONVERSION = YES;
				CLANG_WARN_COMMA = YES;
				CLANG_WARN_CONSTANT_CONVERSION = YES;
				CLANG_WARN_DEPRECATED_OBJC_IMPLEMENTATIONS = YES;
				CLANG_WARN_DIRECT_OBJC_ISA_USAGE = YES_ERROR;
				CLANG_WARN_DOCUMENTATION_COMMENTS = YES;
				CLANG_WARN_EMPTY_BODY = YES;
				CLANG_WARN_ENUM_CONVERSION = YES;
				CLANG_WARN_INFINITE_RECURSION = YES;
				CLANG_WARN_INT_CONVERSION = YES;
				CLANG_WARN_NON_LITERAL_NULL_CONVERSION = YES;
				CLANG_WARN_OBJC_IMPLICIT_RETAIN_SELF = YES;
				CLANG_WARN_OBJC_LITERAL_CONVERSION = YES;
				CLANG_WARN_OBJC_ROOT_CLASS = YES_ERROR;
				CLANG_WARN_QUOTED_INCLUDE_IN_FRAMEWORK_HEADER = YES;
				CLANG_WARN_RANGE_LOOP_ANALYSIS = YES;
				CLANG_WARN_STRICT_PROTOTYPES = YES;
				CLANG_WARN_SUSPICIOUS_MOVE = YES;
				CLANG_WARN_UNGUARDED_AVAILABILITY = YES_AGGRESSIVE;
				CLANG_WARN_UNREACHABLE_CODE = YES;
				CLANG_WARN__DUPLICATE_METHOD_MATCH = YES;
				CODE_SIGN_IDENTITY = "iPhone Developer";
				COPY_PHASE_STRIP = NO;
				DEBUG_INFORMATION_FORMAT = dwarf;
				ENABLE_STRICT_OBJC_MSGSEND = YES;
				ENABLE_TESTABILITY = YES;
				GCC_C_LANGUAGE_STANDARD = gnu11;
				GCC_DYNAMIC_NO_PIC = NO;
				GCC_NO_COMMON_BLOCKS = YES;
				GCC_OPTIMIZATION_LEVEL = 0;
				GCC_PREPROCESSOR_DEFINITIONS = (
					"DEBUG=1",
					"$(inherited)",
				);
				GCC_WARN_64_TO_32_BIT_CONVERSION = YES;
				GCC_WARN_ABOUT_RETURN_TYPE = YES_ERROR;
				GCC_WARN_UNDECLARED_SELECTOR = YES;
				GCC_WARN_UNINITIALIZED_AUTOS = YES_AGGRESSIVE;
				GCC_WARN_UNUSED_FUNCTION = YES;
				GCC_WARN_UNUSED_VARIABLE = YES;
				IPHONEOS_DEPLOYMENT_TARGET = 12.0;
				MTL_ENABLE_DEBUG_INFO = INCLUDE_SOURCE;
				MTL_FAST_MATH = YES;
				ONLY_ACTIVE_ARCH = YES;
				SDKROOT = iphoneos;
				SWIFT_ACTIVE_COMPILATION_CONDITIONS = DEBUG;
				SWIFT_OPTIMIZATION_LEVEL = "-Onone";
			};
			name = Debug;
		};
		09D74A842444E00E00280E54 /* Release */ = {
			isa = XCBuildConfiguration;
			buildSettings = {
				ALWAYS_SEARCH_USER_PATHS = NO;
				CLANG_ANALYZER_NONNULL = YES;
				CLANG_ANALYZER_NUMBER_OBJECT_CONVERSION = YES_AGGRESSIVE;
				CLANG_CXX_LANGUAGE_STANDARD = "gnu++14";
				CLANG_CXX_LIBRARY = "libc++";
				CLANG_ENABLE_MODULES = YES;
				CLANG_ENABLE_OBJC_ARC = YES;
				CLANG_ENABLE_OBJC_WEAK = YES;
				CLANG_WARN_BLOCK_CAPTURE_AUTORELEASING = YES;
				CLANG_WARN_BOOL_CONVERSION = YES;
				CLANG_WARN_COMMA = YES;
				CLANG_WARN_CONSTANT_CONVERSION = YES;
				CLANG_WARN_DEPRECATED_OBJC_IMPLEMENTATIONS = YES;
				CLANG_WARN_DIRECT_OBJC_ISA_USAGE = YES_ERROR;
				CLANG_WARN_DOCUMENTATION_COMMENTS = YES;
				CLANG_WARN_EMPTY_BODY = YES;
				CLANG_WARN_ENUM_CONVERSION = YES;
				CLANG_WARN_INFINITE_RECURSION = YES;
				CLANG_WARN_INT_CONVERSION = YES;
				CLANG_WARN_NON_LITERAL_NULL_CONVERSION = YES;
				CLANG_WARN_OBJC_IMPLICIT_RETAIN_SELF = YES;
				CLANG_WARN_OBJC_LITERAL_CONVERSION = YES;
				CLANG_WARN_OBJC_ROOT_CLASS = YES_ERROR;
				CLANG_WARN_QUOTED_INCLUDE_IN_FRAMEWORK_HEADER = YES;
				CLANG_WARN_RANGE_LOOP_ANALYSIS = YES;
				CLANG_WARN_STRICT_PROTOTYPES = YES;
				CLANG_WARN_SUSPICIOUS_MOVE = YES;
				CLANG_WARN_UNGUARDED_AVAILABILITY = YES_AGGRESSIVE;
				CLANG_WARN_UNREACHABLE_CODE = YES;
				CLANG_WARN__DUPLICATE_METHOD_MATCH = YES;
				CODE_SIGN_IDENTITY = "iPhone Developer";
				COPY_PHASE_STRIP = NO;
				DEBUG_INFORMATION_FORMAT = "dwarf-with-dsym";
				ENABLE_NS_ASSERTIONS = NO;
				ENABLE_STRICT_OBJC_MSGSEND = YES;
				GCC_C_LANGUAGE_STANDARD = gnu11;
				GCC_NO_COMMON_BLOCKS = YES;
				GCC_WARN_64_TO_32_BIT_CONVERSION = YES;
				GCC_WARN_ABOUT_RETURN_TYPE = YES_ERROR;
				GCC_WARN_UNDECLARED_SELECTOR = YES;
				GCC_WARN_UNINITIALIZED_AUTOS = YES_AGGRESSIVE;
				GCC_WARN_UNUSED_FUNCTION = YES;
				GCC_WARN_UNUSED_VARIABLE = YES;
				IPHONEOS_DEPLOYMENT_TARGET = 12.0;
				MTL_ENABLE_DEBUG_INFO = NO;
				MTL_FAST_MATH = YES;
				SDKROOT = iphoneos;
				SWIFT_COMPILATION_MODE = wholemodule;
				SWIFT_OPTIMIZATION_LEVEL = "-O";
				VALIDATE_PRODUCT = YES;
			};
			name = Release;
		};
		09D74A862444E00E00280E54 /* Debug */ = {
			isa = XCBuildConfiguration;
			baseConfigurationReference = 8921A403449CE710668D8042 /* Pods-JDAWidgets.debug.xcconfig */;
			buildSettings = {
				ASSETCATALOG_COMPILER_APPICON_NAME = AppIcon;
				CODE_SIGN_STYLE = Automatic;
				DEVELOPMENT_TEAM = 8L3YZ48D5A;
				INFOPLIST_FILE = JDAWidgets/Info.plist;
				IPHONEOS_DEPLOYMENT_TARGET = 12.0;
				LD_RUNPATH_SEARCH_PATHS = (
					"$(inherited)",
					"@executable_path/Frameworks",
				);
				PRODUCT_BUNDLE_IDENTIFIER = com.jda.JDAWidgets;
				PRODUCT_NAME = "$(TARGET_NAME)";
				SWIFT_VERSION = 5.0;
				TARGETED_DEVICE_FAMILY = "1,2";
			};
			name = Debug;
		};
		09D74A872444E00E00280E54 /* Release */ = {
			isa = XCBuildConfiguration;
			baseConfigurationReference = 9E8A5A2DF7D1B98A60A48A42 /* Pods-JDAWidgets.release.xcconfig */;
			buildSettings = {
				ASSETCATALOG_COMPILER_APPICON_NAME = AppIcon;
				CODE_SIGN_STYLE = Automatic;
				DEVELOPMENT_TEAM = 8L3YZ48D5A;
				INFOPLIST_FILE = JDAWidgets/Info.plist;
				IPHONEOS_DEPLOYMENT_TARGET = 12.0;
				LD_RUNPATH_SEARCH_PATHS = (
					"$(inherited)",
					"@executable_path/Frameworks",
				);
				PRODUCT_BUNDLE_IDENTIFIER = com.jda.JDAWidgets;
				PRODUCT_NAME = "$(TARGET_NAME)";
				SWIFT_VERSION = 5.0;
				TARGETED_DEVICE_FAMILY = "1,2";
			};
			name = Release;
		};
/* End XCBuildConfiguration section */

/* Begin XCConfigurationList section */
		09D74A6E2444E00D00280E54 /* Build configuration list for PBXProject "JDAWidgets" */ = {
			isa = XCConfigurationList;
			buildConfigurations = (
				09D74A832444E00E00280E54 /* Debug */,
				09D74A842444E00E00280E54 /* Release */,
			);
			defaultConfigurationIsVisible = 0;
			defaultConfigurationName = Release;
		};
		09D74A852444E00E00280E54 /* Build configuration list for PBXNativeTarget "JDAWidgets" */ = {
			isa = XCConfigurationList;
			buildConfigurations = (
				09D74A862444E00E00280E54 /* Debug */,
				09D74A872444E00E00280E54 /* Release */,
			);
			defaultConfigurationIsVisible = 0;
			defaultConfigurationName = Release;
		};
/* End XCConfigurationList section */
	};
	rootObject = 09D74A6B2444E00D00280E54 /* Project object */;
}
